
Microsoft Visual Studio Solution File, Format Version 12.00
# Visual Studio Version 17
VisualStudioVersion = 17.1.32421.90
MinimumVisualStudioVersion = 10.0.40219.1
Project("{2150E333-8FDC-42A3-9474-1A3956D46DE8}") = "src", "src", "{48C9946C-9233-4F80-BEE8-F247BAAC61BC}"
EndProject
Project("{2150E333-8FDC-42A3-9474-1A3956D46DE8}") = "test", "test", "{2877C45A-0C74-4BFB-8A33-718204386E2F}"
EndProject
Project("{9A19103F-16F7-4668-BE54-9A1E7A4F7556}") = "Vesta.Auditing.Abstracts", "src\Vesta.Auditing.Abstracts\Vesta.Auditing.Abstracts.csproj", "{26214322-509A-45D2-90B5-8922ACFBFA4D}"
EndProject
Project("{9A19103F-16F7-4668-BE54-9A1E7A4F7556}") = "Vesta.Security", "src\Vesta.Security\Vesta.Security.csproj", "{25494037-D142-4C9B-832B-721BFD049DDD}"
EndProject
Project("{9A19103F-16F7-4668-BE54-9A1E7A4F7556}") = "Vesta.AspNetCore", "src\Vesta.AspNetCore\Vesta.AspNetCore.csproj", "{7A65F314-38C9-48E0-8764-BFC8C99416AE}"
EndProject
Project("{9A19103F-16F7-4668-BE54-9A1E7A4F7556}") = "Vesta.Core", "src\Vesta.Core\Vesta.Core.csproj", "{B96A78C1-C7CD-48F0-B2BF-AB567C665F21}"
EndProject
Project("{9A19103F-16F7-4668-BE54-9A1E7A4F7556}") = "Vesta.Autofac", "src\Vesta.Autofac\Vesta.Autofac.csproj", "{34084D5E-C0B4-4F9E-B74A-89322FCBA5AC}"
EndProject
Project("{9A19103F-16F7-4668-BE54-9A1E7A4F7556}") = "Vesta.Auditing", "src\Vesta.Auditing\Vesta.Auditing.csproj", "{E4F8E1BC-C3DB-4E67-A41D-3F9576673CC8}"
EndProject
Project("{9A19103F-16F7-4668-BE54-9A1E7A4F7556}") = "Vesta.Ddd.Domain", "src\Vesta.Ddd.Domain\Vesta.Ddd.Domain.csproj", "{2CD6D08E-C3A8-474A-BEAB-340F58CD358B}"
EndProject
Project("{9A19103F-16F7-4668-BE54-9A1E7A4F7556}") = "Vesta.EntityFrameworkCore", "src\Vesta.EntityFrameworkCore\Vesta.EntityFrameworkCore.csproj", "{229E1ED0-2A52-4E0A-A23B-7F614AA23092}"
EndProject
Project("{9A19103F-16F7-4668-BE54-9A1E7A4F7556}") = "Vesta.Ddd.Application", "src\Vesta.Ddd.Application\Vesta.Ddd.Application.csproj", "{FD3F418B-AB4E-4A5D-8C18-22D6B114D792}"
EndProject
Project("{9A19103F-16F7-4668-BE54-9A1E7A4F7556}") = "Vesta.Uow", "src\Vesta.Uow\Vesta.Uow.csproj", "{108B9DDC-3CF7-4A45-95C3-E8A09733C12C}"
EndProject
Project("{9A19103F-16F7-4668-BE54-9A1E7A4F7556}") = "Vesta.EntityFrameworkCore.SqlServer", "src\Vesta.EntityFrameworkCore.SqlServer\Vesta.EntityFrameworkCore.SqlServer.csproj", "{F88AFCF2-4E54-40F2-AF03-1BD54447E5F4}"
EndProject
Project("{9A19103F-16F7-4668-BE54-9A1E7A4F7556}") = "Vesta.ApplicationInsights.AspNetCore", "src\Vesta.ApplicationInsights.AspNetCore\Vesta.ApplicationInsights.AspNetCore.csproj", "{7DF5082C-E837-45B6-97E5-1E98B27A734C}"
EndProject
Project("{9A19103F-16F7-4668-BE54-9A1E7A4F7556}") = "Vesta.AutoMapper", "src\Vesta.AutoMapper\Vesta.AutoMapper.csproj", "{5BDE9C6C-E09B-4EEC-9785-74310F50CE2C}"
EndProject
Project("{9A19103F-16F7-4668-BE54-9A1E7A4F7556}") = "Vesta.AspNetCore.Mvc", "src\Vesta.AspNetCore.Mvc\Vesta.AspNetCore.Mvc.csproj", "{69A788B2-2E65-433B-BAA4-4754F1B0B137}"
EndProject
Project("{9A19103F-16F7-4668-BE54-9A1E7A4F7556}") = "Vesta.EventBus", "src\Vesta.EventBus\Vesta.EventBus.csproj", "{E98A1711-E8EE-4B5C-9AF7-C3495D863181}"
EndProject
Project("{9A19103F-16F7-4668-BE54-9A1E7A4F7556}") = "Vesta.EventBus.Abstracts", "src\Vesta.EventBus.Abstracts\Vesta.EventBus.Abstracts.csproj", "{0CEFCA99-0BDA-45DF-99BB-73031BEF04DC}"
EndProject
Project("{9A19103F-16F7-4668-BE54-9A1E7A4F7556}") = "Vesta.EventBus.Azure", "src\Vesta.EventBus.Azure\Vesta.EventBus.Azure.csproj", "{B17267E4-A554-405C-9D05-8F96CA836D9E}"
EndProject
Project("{9A19103F-16F7-4668-BE54-9A1E7A4F7556}") = "Vesta.ServiceBus.Azure", "src\Vesta.ServiceBus.Azure\Vesta.ServiceBus.Azure.csproj", "{94B0407E-7D16-4C9E-81B9-6CD214E4707F}"
EndProject
Project("{9A19103F-16F7-4668-BE54-9A1E7A4F7556}") = "Vesta.Ddd.Domain.EventBus", "src\Vesta.Ddd.Domain.EventBus\Vesta.Ddd.Domain.EventBus.csproj", "{7D7EED4C-F19C-4794-86E6-6075B91ED32E}"
EndProject
Project("{9A19103F-16F7-4668-BE54-9A1E7A4F7556}") = "Vesta.Dapper", "src\Vesta.Dapper\Vesta.Dapper.csproj", "{6BA20433-0A9F-410F-8701-1EEFB4F67B7F}"
EndProject
Project("{9A19103F-16F7-4668-BE54-9A1E7A4F7556}") = "Vesta.EntityFrameworkCore.Abstracts", "src\Vesta.EntityFrameworkCore.Abstracts\Vesta.EntityFrameworkCore.Abstracts.csproj", "{BC270A2F-FDA3-4E4D-9C8C-CDAAA5900271}"
EndProject
Project("{2150E333-8FDC-42A3-9474-1A3956D46DE8}") = "Solution Items", "Solution Items", "{BBBF1516-BAAB-4AF2-890B-366F826C11B2}"
	ProjectSection(SolutionItems) = preProject
		..\common.props = ..\common.props
	EndProjectSection
EndProject
Project("{9A19103F-16F7-4668-BE54-9A1E7A4F7556}") = "Vesta.Dapper.SqlServer", "src\Vesta.Dapper.SqlServer\Vesta.Dapper.SqlServer.csproj", "{8B0DB38F-C11E-4E2E-B2F1-E44B75193E35}"
EndProject
Project("{9A19103F-16F7-4668-BE54-9A1E7A4F7556}") = "Vesta.Caching", "src\Vesta.Caching\Vesta.Caching.csproj", "{C2935AC2-3C0F-4390-A18C-45C8EB78AB68}"
EndProject
Project("{9A19103F-16F7-4668-BE54-9A1E7A4F7556}") = "Vesta.Caching.StackExchangeRedis", "src\Vesta.Caching.StackExchangeRedis\Vesta.Caching.StackExchangeRedis.csproj", "{6D47AD4A-1F85-4271-86E1-B809FD337233}"
EndProject
Project("{9A19103F-16F7-4668-BE54-9A1E7A4F7556}") = "Vesta.Data", "src\Vesta.Data\Vesta.Data.csproj", "{44E513DF-D1B9-4010-B530-07C0421713B9}"
EndProject
Project("{9A19103F-16F7-4668-BE54-9A1E7A4F7556}") = "Vesta.TestBase", "src\Vesta.TestBase\Vesta.TestBase.csproj", "{722000D2-B356-4BBC-9F79-4781470E1574}"
EndProject
Project("{9A19103F-16F7-4668-BE54-9A1E7A4F7556}") = "Vesta.Auditing.Tests", "test\Vesta.Auditing.Tests\Vesta.Auditing.Tests.csproj", "{A1E1F10E-963A-424A-8156-01C2412F4FDA}"
EndProject
Project("{9A19103F-16F7-4668-BE54-9A1E7A4F7556}") = "Vesta.Autofac.Tests", "test\Vesta.Autofac.Tests\Vesta.Autofac.Tests.csproj", "{D53012D3-F3A3-4356-81BB-82C55544C8CE}"
EndProject
Project("{9A19103F-16F7-4668-BE54-9A1E7A4F7556}") = "Vesta.Caching.StackExchangeRedis.Tests", "test\Vesta.Caching.StackExchangeRedis.Tests\Vesta.Caching.StackExchangeRedis.Tests.csproj", "{6609AEEC-E4E5-4886-AEC7-1154C86F0887}"
EndProject
Project("{9A19103F-16F7-4668-BE54-9A1E7A4F7556}") = "Vesta.Dapper.Tests", "test\Vesta.Dapper.Tests\Vesta.Dapper.Tests.csproj", "{47AE3954-8549-4B28-86D7-3062252AC4CB}"
EndProject
Project("{9A19103F-16F7-4668-BE54-9A1E7A4F7556}") = "Vesta.EntityFrameworkCore.Tests", "test\Vesta.EntityFrameworkCore.Tests\Vesta.EntityFrameworkCore.Tests.csproj", "{DFCCC4D3-A49A-4570-95F1-3E10CD29CC3B}"
EndProject
Project("{9A19103F-16F7-4668-BE54-9A1E7A4F7556}") = "Vesta.ServiceBus.Azure.Tests", "test\Vesta.ServiceBus.Azure.Tests\Vesta.ServiceBus.Azure.Tests.csproj", "{EACEE235-C476-4A3A-B94E-03A233C61585}"
EndProject
Project("{9A19103F-16F7-4668-BE54-9A1E7A4F7556}") = "Vesta.EventBus.Azure.Tests", "test\Vesta.EventBus.Azure.Tests\Vesta.EventBus.Azure.Tests.csproj", "{8BA29A6F-C2B2-427F-83B4-D6F1E5E482B1}"
EndProject
Project("{9A19103F-16F7-4668-BE54-9A1E7A4F7556}") = "Vesta.EventBus.Tests", "test\Vesta.EventBus.Tests\Vesta.EventBus.Tests.csproj", "{3311D830-28B3-458B-B8C1-50190D15D54F}"
EndProject
Project("{9A19103F-16F7-4668-BE54-9A1E7A4F7556}") = "Vesta.Uow.Tests", "test\Vesta.Uow.Tests\Vesta.Uow.Tests.csproj", "{34B2064F-AA59-43E0-AA68-608D69305E65}"
EndProject
Project("{9A19103F-16F7-4668-BE54-9A1E7A4F7556}") = "Vesta.Data.Tests", "test\Vesta.Data.Tests\Vesta.Data.Tests.csproj", "{FABB5FB7-161C-4A1E-8EFA-4FF6E63E6C36}"
EndProject
Project("{9A19103F-16F7-4668-BE54-9A1E7A4F7556}") = "Vesta.ServiceBus.Abstracts", "src\Vesta.ServiceBus.Abstracts\Vesta.ServiceBus.Abstracts.csproj", "{365BA2D9-4C1B-4A26-B10C-4BC145FC197E}"
EndProject
Project("{9A19103F-16F7-4668-BE54-9A1E7A4F7556}") = "Vesta.ServiceBus.Local", "src\Vesta.ServiceBus.Local\Vesta.ServiceBus.Local.csproj", "{D1ECCE56-3814-4C1B-9309-B77FF871325A}"
EndProject
Project("{FAE04EC0-301F-11D3-BF4B-00C04F79EFBC}") = "Vesta.ServiceBus.Local.Tests", "test\Vesta.ServiceBus.Local.Tests\Vesta.ServiceBus.Local.Tests.csproj", "{B6BA3D3B-0EAA-4D91-9E44-F80BCC033962}"
EndProject
Global
	GlobalSection(SolutionConfigurationPlatforms) = preSolution
		Debug|Any CPU = Debug|Any CPU
		Release|Any CPU = Release|Any CPU
	EndGlobalSection
	GlobalSection(ProjectConfigurationPlatforms) = postSolution
		{26214322-509A-45D2-90B5-8922ACFBFA4D}.Debug|Any CPU.ActiveCfg = Debug|Any CPU
		{26214322-509A-45D2-90B5-8922ACFBFA4D}.Debug|Any CPU.Build.0 = Debug|Any CPU
		{26214322-509A-45D2-90B5-8922ACFBFA4D}.Release|Any CPU.ActiveCfg = Release|Any CPU
		{26214322-509A-45D2-90B5-8922ACFBFA4D}.Release|Any CPU.Build.0 = Release|Any CPU
		{25494037-D142-4C9B-832B-721BFD049DDD}.Debug|Any CPU.ActiveCfg = Debug|Any CPU
		{25494037-D142-4C9B-832B-721BFD049DDD}.Debug|Any CPU.Build.0 = Debug|Any CPU
		{25494037-D142-4C9B-832B-721BFD049DDD}.Release|Any CPU.ActiveCfg = Release|Any CPU
		{25494037-D142-4C9B-832B-721BFD049DDD}.Release|Any CPU.Build.0 = Release|Any CPU
		{7A65F314-38C9-48E0-8764-BFC8C99416AE}.Debug|Any CPU.ActiveCfg = Debug|Any CPU
		{7A65F314-38C9-48E0-8764-BFC8C99416AE}.Debug|Any CPU.Build.0 = Debug|Any CPU
		{7A65F314-38C9-48E0-8764-BFC8C99416AE}.Release|Any CPU.ActiveCfg = Release|Any CPU
		{7A65F314-38C9-48E0-8764-BFC8C99416AE}.Release|Any CPU.Build.0 = Release|Any CPU
		{B96A78C1-C7CD-48F0-B2BF-AB567C665F21}.Debug|Any CPU.ActiveCfg = Debug|Any CPU
		{B96A78C1-C7CD-48F0-B2BF-AB567C665F21}.Debug|Any CPU.Build.0 = Debug|Any CPU
		{B96A78C1-C7CD-48F0-B2BF-AB567C665F21}.Release|Any CPU.ActiveCfg = Release|Any CPU
		{B96A78C1-C7CD-48F0-B2BF-AB567C665F21}.Release|Any CPU.Build.0 = Release|Any CPU
		{34084D5E-C0B4-4F9E-B74A-89322FCBA5AC}.Debug|Any CPU.ActiveCfg = Debug|Any CPU
		{34084D5E-C0B4-4F9E-B74A-89322FCBA5AC}.Debug|Any CPU.Build.0 = Debug|Any CPU
		{34084D5E-C0B4-4F9E-B74A-89322FCBA5AC}.Release|Any CPU.ActiveCfg = Release|Any CPU
		{34084D5E-C0B4-4F9E-B74A-89322FCBA5AC}.Release|Any CPU.Build.0 = Release|Any CPU
		{E4F8E1BC-C3DB-4E67-A41D-3F9576673CC8}.Debug|Any CPU.ActiveCfg = Debug|Any CPU
		{E4F8E1BC-C3DB-4E67-A41D-3F9576673CC8}.Debug|Any CPU.Build.0 = Debug|Any CPU
		{E4F8E1BC-C3DB-4E67-A41D-3F9576673CC8}.Release|Any CPU.ActiveCfg = Release|Any CPU
		{E4F8E1BC-C3DB-4E67-A41D-3F9576673CC8}.Release|Any CPU.Build.0 = Release|Any CPU
		{2CD6D08E-C3A8-474A-BEAB-340F58CD358B}.Debug|Any CPU.ActiveCfg = Debug|Any CPU
		{2CD6D08E-C3A8-474A-BEAB-340F58CD358B}.Debug|Any CPU.Build.0 = Debug|Any CPU
		{2CD6D08E-C3A8-474A-BEAB-340F58CD358B}.Release|Any CPU.ActiveCfg = Release|Any CPU
		{2CD6D08E-C3A8-474A-BEAB-340F58CD358B}.Release|Any CPU.Build.0 = Release|Any CPU
		{229E1ED0-2A52-4E0A-A23B-7F614AA23092}.Debug|Any CPU.ActiveCfg = Debug|Any CPU
		{229E1ED0-2A52-4E0A-A23B-7F614AA23092}.Debug|Any CPU.Build.0 = Debug|Any CPU
		{229E1ED0-2A52-4E0A-A23B-7F614AA23092}.Release|Any CPU.ActiveCfg = Release|Any CPU
		{229E1ED0-2A52-4E0A-A23B-7F614AA23092}.Release|Any CPU.Build.0 = Release|Any CPU
		{FD3F418B-AB4E-4A5D-8C18-22D6B114D792}.Debug|Any CPU.ActiveCfg = Debug|Any CPU
		{FD3F418B-AB4E-4A5D-8C18-22D6B114D792}.Debug|Any CPU.Build.0 = Debug|Any CPU
		{FD3F418B-AB4E-4A5D-8C18-22D6B114D792}.Release|Any CPU.ActiveCfg = Release|Any CPU
		{FD3F418B-AB4E-4A5D-8C18-22D6B114D792}.Release|Any CPU.Build.0 = Release|Any CPU
		{108B9DDC-3CF7-4A45-95C3-E8A09733C12C}.Debug|Any CPU.ActiveCfg = Debug|Any CPU
		{108B9DDC-3CF7-4A45-95C3-E8A09733C12C}.Debug|Any CPU.Build.0 = Debug|Any CPU
		{108B9DDC-3CF7-4A45-95C3-E8A09733C12C}.Release|Any CPU.ActiveCfg = Release|Any CPU
		{108B9DDC-3CF7-4A45-95C3-E8A09733C12C}.Release|Any CPU.Build.0 = Release|Any CPU
		{F88AFCF2-4E54-40F2-AF03-1BD54447E5F4}.Debug|Any CPU.ActiveCfg = Debug|Any CPU
		{F88AFCF2-4E54-40F2-AF03-1BD54447E5F4}.Debug|Any CPU.Build.0 = Debug|Any CPU
		{F88AFCF2-4E54-40F2-AF03-1BD54447E5F4}.Release|Any CPU.ActiveCfg = Release|Any CPU
		{F88AFCF2-4E54-40F2-AF03-1BD54447E5F4}.Release|Any CPU.Build.0 = Release|Any CPU
		{7DF5082C-E837-45B6-97E5-1E98B27A734C}.Debug|Any CPU.ActiveCfg = Debug|Any CPU
		{7DF5082C-E837-45B6-97E5-1E98B27A734C}.Debug|Any CPU.Build.0 = Debug|Any CPU
		{7DF5082C-E837-45B6-97E5-1E98B27A734C}.Release|Any CPU.ActiveCfg = Release|Any CPU
		{7DF5082C-E837-45B6-97E5-1E98B27A734C}.Release|Any CPU.Build.0 = Release|Any CPU
		{5BDE9C6C-E09B-4EEC-9785-74310F50CE2C}.Debug|Any CPU.ActiveCfg = Debug|Any CPU
		{5BDE9C6C-E09B-4EEC-9785-74310F50CE2C}.Debug|Any CPU.Build.0 = Debug|Any CPU
		{5BDE9C6C-E09B-4EEC-9785-74310F50CE2C}.Release|Any CPU.ActiveCfg = Release|Any CPU
		{5BDE9C6C-E09B-4EEC-9785-74310F50CE2C}.Release|Any CPU.Build.0 = Release|Any CPU
		{69A788B2-2E65-433B-BAA4-4754F1B0B137}.Debug|Any CPU.ActiveCfg = Debug|Any CPU
		{69A788B2-2E65-433B-BAA4-4754F1B0B137}.Debug|Any CPU.Build.0 = Debug|Any CPU
		{69A788B2-2E65-433B-BAA4-4754F1B0B137}.Release|Any CPU.ActiveCfg = Release|Any CPU
		{69A788B2-2E65-433B-BAA4-4754F1B0B137}.Release|Any CPU.Build.0 = Release|Any CPU
		{E98A1711-E8EE-4B5C-9AF7-C3495D863181}.Debug|Any CPU.ActiveCfg = Debug|Any CPU
		{E98A1711-E8EE-4B5C-9AF7-C3495D863181}.Debug|Any CPU.Build.0 = Debug|Any CPU
		{E98A1711-E8EE-4B5C-9AF7-C3495D863181}.Release|Any CPU.ActiveCfg = Release|Any CPU
		{E98A1711-E8EE-4B5C-9AF7-C3495D863181}.Release|Any CPU.Build.0 = Release|Any CPU
		{0CEFCA99-0BDA-45DF-99BB-73031BEF04DC}.Debug|Any CPU.ActiveCfg = Debug|Any CPU
		{0CEFCA99-0BDA-45DF-99BB-73031BEF04DC}.Debug|Any CPU.Build.0 = Debug|Any CPU
		{0CEFCA99-0BDA-45DF-99BB-73031BEF04DC}.Release|Any CPU.ActiveCfg = Release|Any CPU
		{0CEFCA99-0BDA-45DF-99BB-73031BEF04DC}.Release|Any CPU.Build.0 = Release|Any CPU
		{B17267E4-A554-405C-9D05-8F96CA836D9E}.Debug|Any CPU.ActiveCfg = Debug|Any CPU
		{B17267E4-A554-405C-9D05-8F96CA836D9E}.Debug|Any CPU.Build.0 = Debug|Any CPU
		{B17267E4-A554-405C-9D05-8F96CA836D9E}.Release|Any CPU.ActiveCfg = Release|Any CPU
		{B17267E4-A554-405C-9D05-8F96CA836D9E}.Release|Any CPU.Build.0 = Release|Any CPU
		{94B0407E-7D16-4C9E-81B9-6CD214E4707F}.Debug|Any CPU.ActiveCfg = Debug|Any CPU
		{94B0407E-7D16-4C9E-81B9-6CD214E4707F}.Debug|Any CPU.Build.0 = Debug|Any CPU
		{94B0407E-7D16-4C9E-81B9-6CD214E4707F}.Release|Any CPU.ActiveCfg = Release|Any CPU
		{94B0407E-7D16-4C9E-81B9-6CD214E4707F}.Release|Any CPU.Build.0 = Release|Any CPU
		{7D7EED4C-F19C-4794-86E6-6075B91ED32E}.Debug|Any CPU.ActiveCfg = Debug|Any CPU
		{7D7EED4C-F19C-4794-86E6-6075B91ED32E}.Debug|Any CPU.Build.0 = Debug|Any CPU
		{7D7EED4C-F19C-4794-86E6-6075B91ED32E}.Release|Any CPU.ActiveCfg = Release|Any CPU
		{7D7EED4C-F19C-4794-86E6-6075B91ED32E}.Release|Any CPU.Build.0 = Release|Any CPU
		{6BA20433-0A9F-410F-8701-1EEFB4F67B7F}.Debug|Any CPU.ActiveCfg = Debug|Any CPU
		{6BA20433-0A9F-410F-8701-1EEFB4F67B7F}.Debug|Any CPU.Build.0 = Debug|Any CPU
		{6BA20433-0A9F-410F-8701-1EEFB4F67B7F}.Release|Any CPU.ActiveCfg = Release|Any CPU
		{6BA20433-0A9F-410F-8701-1EEFB4F67B7F}.Release|Any CPU.Build.0 = Release|Any CPU
		{BC270A2F-FDA3-4E4D-9C8C-CDAAA5900271}.Debug|Any CPU.ActiveCfg = Debug|Any CPU
		{BC270A2F-FDA3-4E4D-9C8C-CDAAA5900271}.Debug|Any CPU.Build.0 = Debug|Any CPU
		{BC270A2F-FDA3-4E4D-9C8C-CDAAA5900271}.Release|Any CPU.ActiveCfg = Release|Any CPU
		{BC270A2F-FDA3-4E4D-9C8C-CDAAA5900271}.Release|Any CPU.Build.0 = Release|Any CPU
		{8B0DB38F-C11E-4E2E-B2F1-E44B75193E35}.Debug|Any CPU.ActiveCfg = Debug|Any CPU
		{8B0DB38F-C11E-4E2E-B2F1-E44B75193E35}.Debug|Any CPU.Build.0 = Debug|Any CPU
		{8B0DB38F-C11E-4E2E-B2F1-E44B75193E35}.Release|Any CPU.ActiveCfg = Release|Any CPU
		{8B0DB38F-C11E-4E2E-B2F1-E44B75193E35}.Release|Any CPU.Build.0 = Release|Any CPU
		{C2935AC2-3C0F-4390-A18C-45C8EB78AB68}.Debug|Any CPU.ActiveCfg = Debug|Any CPU
		{C2935AC2-3C0F-4390-A18C-45C8EB78AB68}.Debug|Any CPU.Build.0 = Debug|Any CPU
		{C2935AC2-3C0F-4390-A18C-45C8EB78AB68}.Release|Any CPU.ActiveCfg = Release|Any CPU
		{C2935AC2-3C0F-4390-A18C-45C8EB78AB68}.Release|Any CPU.Build.0 = Release|Any CPU
		{6D47AD4A-1F85-4271-86E1-B809FD337233}.Debug|Any CPU.ActiveCfg = Debug|Any CPU
		{6D47AD4A-1F85-4271-86E1-B809FD337233}.Debug|Any CPU.Build.0 = Debug|Any CPU
		{6D47AD4A-1F85-4271-86E1-B809FD337233}.Release|Any CPU.ActiveCfg = Release|Any CPU
		{6D47AD4A-1F85-4271-86E1-B809FD337233}.Release|Any CPU.Build.0 = Release|Any CPU
		{44E513DF-D1B9-4010-B530-07C0421713B9}.Debug|Any CPU.ActiveCfg = Debug|Any CPU
		{44E513DF-D1B9-4010-B530-07C0421713B9}.Debug|Any CPU.Build.0 = Debug|Any CPU
		{44E513DF-D1B9-4010-B530-07C0421713B9}.Release|Any CPU.ActiveCfg = Release|Any CPU
		{44E513DF-D1B9-4010-B530-07C0421713B9}.Release|Any CPU.Build.0 = Release|Any CPU
		{722000D2-B356-4BBC-9F79-4781470E1574}.Debug|Any CPU.ActiveCfg = Debug|Any CPU
		{722000D2-B356-4BBC-9F79-4781470E1574}.Debug|Any CPU.Build.0 = Debug|Any CPU
		{722000D2-B356-4BBC-9F79-4781470E1574}.Release|Any CPU.ActiveCfg = Release|Any CPU
		{722000D2-B356-4BBC-9F79-4781470E1574}.Release|Any CPU.Build.0 = Release|Any CPU
		{A1E1F10E-963A-424A-8156-01C2412F4FDA}.Debug|Any CPU.ActiveCfg = Debug|Any CPU
		{A1E1F10E-963A-424A-8156-01C2412F4FDA}.Debug|Any CPU.Build.0 = Debug|Any CPU
		{A1E1F10E-963A-424A-8156-01C2412F4FDA}.Release|Any CPU.ActiveCfg = Release|Any CPU
		{A1E1F10E-963A-424A-8156-01C2412F4FDA}.Release|Any CPU.Build.0 = Release|Any CPU
		{D53012D3-F3A3-4356-81BB-82C55544C8CE}.Debug|Any CPU.ActiveCfg = Debug|Any CPU
		{D53012D3-F3A3-4356-81BB-82C55544C8CE}.Debug|Any CPU.Build.0 = Debug|Any CPU
		{D53012D3-F3A3-4356-81BB-82C55544C8CE}.Release|Any CPU.ActiveCfg = Release|Any CPU
		{D53012D3-F3A3-4356-81BB-82C55544C8CE}.Release|Any CPU.Build.0 = Release|Any CPU
		{6609AEEC-E4E5-4886-AEC7-1154C86F0887}.Debug|Any CPU.ActiveCfg = Debug|Any CPU
		{6609AEEC-E4E5-4886-AEC7-1154C86F0887}.Debug|Any CPU.Build.0 = Debug|Any CPU
		{6609AEEC-E4E5-4886-AEC7-1154C86F0887}.Release|Any CPU.ActiveCfg = Release|Any CPU
		{6609AEEC-E4E5-4886-AEC7-1154C86F0887}.Release|Any CPU.Build.0 = Release|Any CPU
		{47AE3954-8549-4B28-86D7-3062252AC4CB}.Debug|Any CPU.ActiveCfg = Debug|Any CPU
		{47AE3954-8549-4B28-86D7-3062252AC4CB}.Debug|Any CPU.Build.0 = Debug|Any CPU
		{47AE3954-8549-4B28-86D7-3062252AC4CB}.Release|Any CPU.ActiveCfg = Release|Any CPU
		{47AE3954-8549-4B28-86D7-3062252AC4CB}.Release|Any CPU.Build.0 = Release|Any CPU
		{DFCCC4D3-A49A-4570-95F1-3E10CD29CC3B}.Debug|Any CPU.ActiveCfg = Debug|Any CPU
		{DFCCC4D3-A49A-4570-95F1-3E10CD29CC3B}.Debug|Any CPU.Build.0 = Debug|Any CPU
		{DFCCC4D3-A49A-4570-95F1-3E10CD29CC3B}.Release|Any CPU.ActiveCfg = Release|Any CPU
		{DFCCC4D3-A49A-4570-95F1-3E10CD29CC3B}.Release|Any CPU.Build.0 = Release|Any CPU
		{EACEE235-C476-4A3A-B94E-03A233C61585}.Debug|Any CPU.ActiveCfg = Debug|Any CPU
		{EACEE235-C476-4A3A-B94E-03A233C61585}.Debug|Any CPU.Build.0 = Debug|Any CPU
		{EACEE235-C476-4A3A-B94E-03A233C61585}.Release|Any CPU.ActiveCfg = Release|Any CPU
		{EACEE235-C476-4A3A-B94E-03A233C61585}.Release|Any CPU.Build.0 = Release|Any CPU
		{8BA29A6F-C2B2-427F-83B4-D6F1E5E482B1}.Debug|Any CPU.ActiveCfg = Debug|Any CPU
		{8BA29A6F-C2B2-427F-83B4-D6F1E5E482B1}.Debug|Any CPU.Build.0 = Debug|Any CPU
		{8BA29A6F-C2B2-427F-83B4-D6F1E5E482B1}.Release|Any CPU.ActiveCfg = Release|Any CPU
		{8BA29A6F-C2B2-427F-83B4-D6F1E5E482B1}.Release|Any CPU.Build.0 = Release|Any CPU
		{3311D830-28B3-458B-B8C1-50190D15D54F}.Debug|Any CPU.ActiveCfg = Debug|Any CPU
		{3311D830-28B3-458B-B8C1-50190D15D54F}.Debug|Any CPU.Build.0 = Debug|Any CPU
		{3311D830-28B3-458B-B8C1-50190D15D54F}.Release|Any CPU.ActiveCfg = Release|Any CPU
		{3311D830-28B3-458B-B8C1-50190D15D54F}.Release|Any CPU.Build.0 = Release|Any CPU
		{34B2064F-AA59-43E0-AA68-608D69305E65}.Debug|Any CPU.ActiveCfg = Debug|Any CPU
		{34B2064F-AA59-43E0-AA68-608D69305E65}.Debug|Any CPU.Build.0 = Debug|Any CPU
		{34B2064F-AA59-43E0-AA68-608D69305E65}.Release|Any CPU.ActiveCfg = Release|Any CPU
		{34B2064F-AA59-43E0-AA68-608D69305E65}.Release|Any CPU.Build.0 = Release|Any CPU
		{FABB5FB7-161C-4A1E-8EFA-4FF6E63E6C36}.Debug|Any CPU.ActiveCfg = Debug|Any CPU
		{FABB5FB7-161C-4A1E-8EFA-4FF6E63E6C36}.Debug|Any CPU.Build.0 = Debug|Any CPU
		{FABB5FB7-161C-4A1E-8EFA-4FF6E63E6C36}.Release|Any CPU.ActiveCfg = Release|Any CPU
		{FABB5FB7-161C-4A1E-8EFA-4FF6E63E6C36}.Release|Any CPU.Build.0 = Release|Any CPU
		{365BA2D9-4C1B-4A26-B10C-4BC145FC197E}.Debug|Any CPU.ActiveCfg = Debug|Any CPU
		{365BA2D9-4C1B-4A26-B10C-4BC145FC197E}.Debug|Any CPU.Build.0 = Debug|Any CPU
		{365BA2D9-4C1B-4A26-B10C-4BC145FC197E}.Release|Any CPU.ActiveCfg = Release|Any CPU
		{365BA2D9-4C1B-4A26-B10C-4BC145FC197E}.Release|Any CPU.Build.0 = Release|Any CPU
		{D1ECCE56-3814-4C1B-9309-B77FF871325A}.Debug|Any CPU.ActiveCfg = Debug|Any CPU
		{D1ECCE56-3814-4C1B-9309-B77FF871325A}.Debug|Any CPU.Build.0 = Debug|Any CPU
		{D1ECCE56-3814-4C1B-9309-B77FF871325A}.Release|Any CPU.ActiveCfg = Release|Any CPU
		{D1ECCE56-3814-4C1B-9309-B77FF871325A}.Release|Any CPU.Build.0 = Release|Any CPU
		{B6BA3D3B-0EAA-4D91-9E44-F80BCC033962}.Debug|Any CPU.ActiveCfg = Debug|Any CPU
		{B6BA3D3B-0EAA-4D91-9E44-F80BCC033962}.Debug|Any CPU.Build.0 = Debug|Any CPU
		{B6BA3D3B-0EAA-4D91-9E44-F80BCC033962}.Release|Any CPU.ActiveCfg = Release|Any CPU
		{B6BA3D3B-0EAA-4D91-9E44-F80BCC033962}.Release|Any CPU.Build.0 = Release|Any CPU
	EndGlobalSection
	GlobalSection(SolutionProperties) = preSolution
		HideSolutionNode = FALSE
	EndGlobalSection
	GlobalSection(NestedProjects) = preSolution
		{26214322-509A-45D2-90B5-8922ACFBFA4D} = {48C9946C-9233-4F80-BEE8-F247BAAC61BC}
		{25494037-D142-4C9B-832B-721BFD049DDD} = {48C9946C-9233-4F80-BEE8-F247BAAC61BC}
		{7A65F314-38C9-48E0-8764-BFC8C99416AE} = {48C9946C-9233-4F80-BEE8-F247BAAC61BC}
		{B96A78C1-C7CD-48F0-B2BF-AB567C665F21} = {48C9946C-9233-4F80-BEE8-F247BAAC61BC}
		{34084D5E-C0B4-4F9E-B74A-89322FCBA5AC} = {48C9946C-9233-4F80-BEE8-F247BAAC61BC}
		{E4F8E1BC-C3DB-4E67-A41D-3F9576673CC8} = {48C9946C-9233-4F80-BEE8-F247BAAC61BC}
		{2CD6D08E-C3A8-474A-BEAB-340F58CD358B} = {48C9946C-9233-4F80-BEE8-F247BAAC61BC}
		{229E1ED0-2A52-4E0A-A23B-7F614AA23092} = {48C9946C-9233-4F80-BEE8-F247BAAC61BC}
		{FD3F418B-AB4E-4A5D-8C18-22D6B114D792} = {48C9946C-9233-4F80-BEE8-F247BAAC61BC}
		{108B9DDC-3CF7-4A45-95C3-E8A09733C12C} = {48C9946C-9233-4F80-BEE8-F247BAAC61BC}
		{F88AFCF2-4E54-40F2-AF03-1BD54447E5F4} = {48C9946C-9233-4F80-BEE8-F247BAAC61BC}
		{7DF5082C-E837-45B6-97E5-1E98B27A734C} = {48C9946C-9233-4F80-BEE8-F247BAAC61BC}
		{5BDE9C6C-E09B-4EEC-9785-74310F50CE2C} = {48C9946C-9233-4F80-BEE8-F247BAAC61BC}
		{69A788B2-2E65-433B-BAA4-4754F1B0B137} = {48C9946C-9233-4F80-BEE8-F247BAAC61BC}
		{E98A1711-E8EE-4B5C-9AF7-C3495D863181} = {48C9946C-9233-4F80-BEE8-F247BAAC61BC}
		{0CEFCA99-0BDA-45DF-99BB-73031BEF04DC} = {48C9946C-9233-4F80-BEE8-F247BAAC61BC}
		{B17267E4-A554-405C-9D05-8F96CA836D9E} = {48C9946C-9233-4F80-BEE8-F247BAAC61BC}
		{94B0407E-7D16-4C9E-81B9-6CD214E4707F} = {48C9946C-9233-4F80-BEE8-F247BAAC61BC}
		{7D7EED4C-F19C-4794-86E6-6075B91ED32E} = {48C9946C-9233-4F80-BEE8-F247BAAC61BC}
		{6BA20433-0A9F-410F-8701-1EEFB4F67B7F} = {48C9946C-9233-4F80-BEE8-F247BAAC61BC}
		{BC270A2F-FDA3-4E4D-9C8C-CDAAA5900271} = {48C9946C-9233-4F80-BEE8-F247BAAC61BC}
		{8B0DB38F-C11E-4E2E-B2F1-E44B75193E35} = {48C9946C-9233-4F80-BEE8-F247BAAC61BC}
		{C2935AC2-3C0F-4390-A18C-45C8EB78AB68} = {48C9946C-9233-4F80-BEE8-F247BAAC61BC}
		{6D47AD4A-1F85-4271-86E1-B809FD337233} = {48C9946C-9233-4F80-BEE8-F247BAAC61BC}
		{44E513DF-D1B9-4010-B530-07C0421713B9} = {48C9946C-9233-4F80-BEE8-F247BAAC61BC}
		{722000D2-B356-4BBC-9F79-4781470E1574} = {48C9946C-9233-4F80-BEE8-F247BAAC61BC}
		{A1E1F10E-963A-424A-8156-01C2412F4FDA} = {2877C45A-0C74-4BFB-8A33-718204386E2F}
		{D53012D3-F3A3-4356-81BB-82C55544C8CE} = {2877C45A-0C74-4BFB-8A33-718204386E2F}
		{6609AEEC-E4E5-4886-AEC7-1154C86F0887} = {2877C45A-0C74-4BFB-8A33-718204386E2F}
		{47AE3954-8549-4B28-86D7-3062252AC4CB} = {2877C45A-0C74-4BFB-8A33-718204386E2F}
		{DFCCC4D3-A49A-4570-95F1-3E10CD29CC3B} = {2877C45A-0C74-4BFB-8A33-718204386E2F}
		{EACEE235-C476-4A3A-B94E-03A233C61585} = {2877C45A-0C74-4BFB-8A33-718204386E2F}
		{8BA29A6F-C2B2-427F-83B4-D6F1E5E482B1} = {2877C45A-0C74-4BFB-8A33-718204386E2F}
		{3311D830-28B3-458B-B8C1-50190D15D54F} = {2877C45A-0C74-4BFB-8A33-718204386E2F}
		{34B2064F-AA59-43E0-AA68-608D69305E65} = {2877C45A-0C74-4BFB-8A33-718204386E2F}
		{FABB5FB7-161C-4A1E-8EFA-4FF6E63E6C36} = {2877C45A-0C74-4BFB-8A33-718204386E2F}
		{365BA2D9-4C1B-4A26-B10C-4BC145FC197E} = {48C9946C-9233-4F80-BEE8-F247BAAC61BC}
		{D1ECCE56-3814-4C1B-9309-B77FF871325A} = {48C9946C-9233-4F80-BEE8-F247BAAC61BC}
		{B6BA3D3B-0EAA-4D91-9E44-F80BCC033962} = {2877C45A-0C74-4BFB-8A33-718204386E2F}
	EndGlobalSection
	GlobalSection(ExtensibilityGlobals) = postSolution
		SolutionGuid = {C560E72A-25E8-41E0-A972-0FC1CE007D5F}
	EndGlobalSection
EndGlobal
