
Microsoft Visual Studio Solution File, Format Version 12.00
# Visual Studio Version 17
VisualStudioVersion = 17.1.32421.90
MinimumVisualStudioVersion = 10.0.40219.1
Project("{2150E333-8FDC-42A3-9474-1A3956D46DE8}") = "src", "src", "{48C9946C-9233-4F80-BEE8-F247BAAC61BC}"
EndProject
Project("{2150E333-8FDC-42A3-9474-1A3956D46DE8}") = "test", "test", "{2877C45A-0C74-4BFB-8A33-718204386E2F}"
EndProject
Project("{9A19103F-16F7-4668-BE54-9A1E7A4F7556}") = "Vesta.Auditing.Abstracts", "src\Vesta.Auditing.Abstracts\Vesta.Auditing.Abstracts.csproj", "{26214322-509A-45D2-90B5-8922ACFBFA4D}"
EndProject
Project("{9A19103F-16F7-4668-BE54-9A1E7A4F7556}") = "Vesta.Security", "src\Vesta.Security\Vesta.Security.csproj", "{25494037-D142-4C9B-832B-721BFD049DDD}"
EndProject
Project("{9A19103F-16F7-4668-BE54-9A1E7A4F7556}") = "Vesta.AspNetCore", "src\Vesta.AspNetCore\Vesta.AspNetCore.csproj", "{7A65F314-38C9-48E0-8764-BFC8C99416AE}"
EndProject
Project("{9A19103F-16F7-4668-BE54-9A1E7A4F7556}") = "Vesta.Core", "src\Vesta.Core\Vesta.Core.csproj", "{B96A78C1-C7CD-48F0-B2BF-AB567C665F21}"
EndProject
Project("{9A19103F-16F7-4668-BE54-9A1E7A4F7556}") = "Vesta.Autofac", "src\Vesta.Autofac\Vesta.Autofac.csproj", "{34084D5E-C0B4-4F9E-B74A-89322FCBA5AC}"
EndProject
Project("{9A19103F-16F7-4668-BE54-9A1E7A4F7556}") = "Vesta.Auditing", "src\Vesta.Auditing\Vesta.Auditing.csproj", "{E4F8E1BC-C3DB-4E67-A41D-3F9576673CC8}"
EndProject
Project("{9A19103F-16F7-4668-BE54-9A1E7A4F7556}") = "Vesta.Ddd.Domain", "src\Vesta.Ddd.Domain\Vesta.Ddd.Domain.csproj", "{2CD6D08E-C3A8-474A-BEAB-340F58CD358B}"
EndProject
Project("{9A19103F-16F7-4668-BE54-9A1E7A4F7556}") = "Vesta.EntityFrameworkCore", "src\Vesta.EntityFrameworkCore\Vesta.EntityFrameworkCore.csproj", "{229E1ED0-2A52-4E0A-A23B-7F614AA23092}"
EndProject
Project("{9A19103F-16F7-4668-BE54-9A1E7A4F7556}") = "Vesta.Ddd.Application", "src\Vesta.Ddd.Application\Vesta.Ddd.Application.csproj", "{FD3F418B-AB4E-4A5D-8C18-22D6B114D792}"
EndProject
Project("{9A19103F-16F7-4668-BE54-9A1E7A4F7556}") = "Vesta.Uow", "src\Vesta.Uow\Vesta.Uow.csproj", "{108B9DDC-3CF7-4A45-95C3-E8A09733C12C}"
EndProject
Project("{9A19103F-16F7-4668-BE54-9A1E7A4F7556}") = "Vesta.EntityFrameworkCore.SqlServer", "src\Vesta.EntityFrameworkCore.SqlServer\Vesta.EntityFrameworkCore.SqlServer.csproj", "{F88AFCF2-4E54-40F2-AF03-1BD54447E5F4}"
EndProject
Project("{9A19103F-16F7-4668-BE54-9A1E7A4F7556}") = "Vesta.ApplicationInsights.AspNetCore", "src\Vesta.ApplicationInsights.AspNetCore\Vesta.ApplicationInsights.AspNetCore.csproj", "{7DF5082C-E837-45B6-97E5-1E98B27A734C}"
EndProject
Project("{9A19103F-16F7-4668-BE54-9A1E7A4F7556}") = "Vesta.AutoMapper", "src\Vesta.AutoMapper\Vesta.AutoMapper.csproj", "{5BDE9C6C-E09B-4EEC-9785-74310F50CE2C}"
EndProject
Project("{FAE04EC0-301F-11D3-BF4B-00C04F79EFBC}") = "Vesta.AspNetCore.Mvc", "src\Vesta.AspNetCore.Mvc\Vesta.AspNetCore.Mvc.csproj", "{69A788B2-2E65-433B-BAA4-4754F1B0B137}"
EndProject
Global
	GlobalSection(SolutionConfigurationPlatforms) = preSolution
		Debug|Any CPU = Debug|Any CPU
		Release|Any CPU = Release|Any CPU
	EndGlobalSection
	GlobalSection(ProjectConfigurationPlatforms) = postSolution
		{26214322-509A-45D2-90B5-8922ACFBFA4D}.Debug|Any CPU.ActiveCfg = Debug|Any CPU
		{26214322-509A-45D2-90B5-8922ACFBFA4D}.Debug|Any CPU.Build.0 = Debug|Any CPU
		{26214322-509A-45D2-90B5-8922ACFBFA4D}.Release|Any CPU.ActiveCfg = Release|Any CPU
		{26214322-509A-45D2-90B5-8922ACFBFA4D}.Release|Any CPU.Build.0 = Release|Any CPU
		{25494037-D142-4C9B-832B-721BFD049DDD}.Debug|Any CPU.ActiveCfg = Debug|Any CPU
		{25494037-D142-4C9B-832B-721BFD049DDD}.Debug|Any CPU.Build.0 = Debug|Any CPU
		{25494037-D142-4C9B-832B-721BFD049DDD}.Release|Any CPU.ActiveCfg = Release|Any CPU
		{25494037-D142-4C9B-832B-721BFD049DDD}.Release|Any CPU.Build.0 = Release|Any CPU
		{7A65F314-38C9-48E0-8764-BFC8C99416AE}.Debug|Any CPU.ActiveCfg = Debug|Any CPU
		{7A65F314-38C9-48E0-8764-BFC8C99416AE}.Debug|Any CPU.Build.0 = Debug|Any CPU
		{7A65F314-38C9-48E0-8764-BFC8C99416AE}.Release|Any CPU.ActiveCfg = Release|Any CPU
		{7A65F314-38C9-48E0-8764-BFC8C99416AE}.Release|Any CPU.Build.0 = Release|Any CPU
		{B96A78C1-C7CD-48F0-B2BF-AB567C665F21}.Debug|Any CPU.ActiveCfg = Debug|Any CPU
		{B96A78C1-C7CD-48F0-B2BF-AB567C665F21}.Debug|Any CPU.Build.0 = Debug|Any CPU
		{B96A78C1-C7CD-48F0-B2BF-AB567C665F21}.Release|Any CPU.ActiveCfg = Release|Any CPU
		{B96A78C1-C7CD-48F0-B2BF-AB567C665F21}.Release|Any CPU.Build.0 = Release|Any CPU
		{34084D5E-C0B4-4F9E-B74A-89322FCBA5AC}.Debug|Any CPU.ActiveCfg = Debug|Any CPU
		{34084D5E-C0B4-4F9E-B74A-89322FCBA5AC}.Debug|Any CPU.Build.0 = Debug|Any CPU
		{34084D5E-C0B4-4F9E-B74A-89322FCBA5AC}.Release|Any CPU.ActiveCfg = Release|Any CPU
		{34084D5E-C0B4-4F9E-B74A-89322FCBA5AC}.Release|Any CPU.Build.0 = Release|Any CPU
		{E4F8E1BC-C3DB-4E67-A41D-3F9576673CC8}.Debug|Any CPU.ActiveCfg = Debug|Any CPU
		{E4F8E1BC-C3DB-4E67-A41D-3F9576673CC8}.Debug|Any CPU.Build.0 = Debug|Any CPU
		{E4F8E1BC-C3DB-4E67-A41D-3F9576673CC8}.Release|Any CPU.ActiveCfg = Release|Any CPU
		{E4F8E1BC-C3DB-4E67-A41D-3F9576673CC8}.Release|Any CPU.Build.0 = Release|Any CPU
		{2CD6D08E-C3A8-474A-BEAB-340F58CD358B}.Debug|Any CPU.ActiveCfg = Debug|Any CPU
		{2CD6D08E-C3A8-474A-BEAB-340F58CD358B}.Debug|Any CPU.Build.0 = Debug|Any CPU
		{2CD6D08E-C3A8-474A-BEAB-340F58CD358B}.Release|Any CPU.ActiveCfg = Release|Any CPU
		{2CD6D08E-C3A8-474A-BEAB-340F58CD358B}.Release|Any CPU.Build.0 = Release|Any CPU
		{229E1ED0-2A52-4E0A-A23B-7F614AA23092}.Debug|Any CPU.ActiveCfg = Debug|Any CPU
		{229E1ED0-2A52-4E0A-A23B-7F614AA23092}.Debug|Any CPU.Build.0 = Debug|Any CPU
		{229E1ED0-2A52-4E0A-A23B-7F614AA23092}.Release|Any CPU.ActiveCfg = Release|Any CPU
		{229E1ED0-2A52-4E0A-A23B-7F614AA23092}.Release|Any CPU.Build.0 = Release|Any CPU
		{FD3F418B-AB4E-4A5D-8C18-22D6B114D792}.Debug|Any CPU.ActiveCfg = Debug|Any CPU
		{FD3F418B-AB4E-4A5D-8C18-22D6B114D792}.Debug|Any CPU.Build.0 = Debug|Any CPU
		{FD3F418B-AB4E-4A5D-8C18-22D6B114D792}.Release|Any CPU.ActiveCfg = Release|Any CPU
		{FD3F418B-AB4E-4A5D-8C18-22D6B114D792}.Release|Any CPU.Build.0 = Release|Any CPU
		{108B9DDC-3CF7-4A45-95C3-E8A09733C12C}.Debug|Any CPU.ActiveCfg = Debug|Any CPU
		{108B9DDC-3CF7-4A45-95C3-E8A09733C12C}.Debug|Any CPU.Build.0 = Debug|Any CPU
		{108B9DDC-3CF7-4A45-95C3-E8A09733C12C}.Release|Any CPU.ActiveCfg = Release|Any CPU
		{108B9DDC-3CF7-4A45-95C3-E8A09733C12C}.Release|Any CPU.Build.0 = Release|Any CPU
		{F88AFCF2-4E54-40F2-AF03-1BD54447E5F4}.Debug|Any CPU.ActiveCfg = Debug|Any CPU
		{F88AFCF2-4E54-40F2-AF03-1BD54447E5F4}.Debug|Any CPU.Build.0 = Debug|Any CPU
		{F88AFCF2-4E54-40F2-AF03-1BD54447E5F4}.Release|Any CPU.ActiveCfg = Release|Any CPU
		{F88AFCF2-4E54-40F2-AF03-1BD54447E5F4}.Release|Any CPU.Build.0 = Release|Any CPU
		{7DF5082C-E837-45B6-97E5-1E98B27A734C}.Debug|Any CPU.ActiveCfg = Debug|Any CPU
		{7DF5082C-E837-45B6-97E5-1E98B27A734C}.Debug|Any CPU.Build.0 = Debug|Any CPU
		{7DF5082C-E837-45B6-97E5-1E98B27A734C}.Release|Any CPU.ActiveCfg = Release|Any CPU
		{7DF5082C-E837-45B6-97E5-1E98B27A734C}.Release|Any CPU.Build.0 = Release|Any CPU
		{5BDE9C6C-E09B-4EEC-9785-74310F50CE2C}.Debug|Any CPU.ActiveCfg = Debug|Any CPU
		{5BDE9C6C-E09B-4EEC-9785-74310F50CE2C}.Debug|Any CPU.Build.0 = Debug|Any CPU
		{5BDE9C6C-E09B-4EEC-9785-74310F50CE2C}.Release|Any CPU.ActiveCfg = Release|Any CPU
		{5BDE9C6C-E09B-4EEC-9785-74310F50CE2C}.Release|Any CPU.Build.0 = Release|Any CPU
		{69A788B2-2E65-433B-BAA4-4754F1B0B137}.Debug|Any CPU.ActiveCfg = Debug|Any CPU
		{69A788B2-2E65-433B-BAA4-4754F1B0B137}.Debug|Any CPU.Build.0 = Debug|Any CPU
		{69A788B2-2E65-433B-BAA4-4754F1B0B137}.Release|Any CPU.ActiveCfg = Release|Any CPU
		{69A788B2-2E65-433B-BAA4-4754F1B0B137}.Release|Any CPU.Build.0 = Release|Any CPU
	EndGlobalSection
	GlobalSection(SolutionProperties) = preSolution
		HideSolutionNode = FALSE
	EndGlobalSection
	GlobalSection(NestedProjects) = preSolution
		{26214322-509A-45D2-90B5-8922ACFBFA4D} = {48C9946C-9233-4F80-BEE8-F247BAAC61BC}
		{25494037-D142-4C9B-832B-721BFD049DDD} = {48C9946C-9233-4F80-BEE8-F247BAAC61BC}
		{7A65F314-38C9-48E0-8764-BFC8C99416AE} = {48C9946C-9233-4F80-BEE8-F247BAAC61BC}
		{B96A78C1-C7CD-48F0-B2BF-AB567C665F21} = {48C9946C-9233-4F80-BEE8-F247BAAC61BC}
		{34084D5E-C0B4-4F9E-B74A-89322FCBA5AC} = {48C9946C-9233-4F80-BEE8-F247BAAC61BC}
		{E4F8E1BC-C3DB-4E67-A41D-3F9576673CC8} = {48C9946C-9233-4F80-BEE8-F247BAAC61BC}
		{2CD6D08E-C3A8-474A-BEAB-340F58CD358B} = {48C9946C-9233-4F80-BEE8-F247BAAC61BC}
		{229E1ED0-2A52-4E0A-A23B-7F614AA23092} = {48C9946C-9233-4F80-BEE8-F247BAAC61BC}
		{FD3F418B-AB4E-4A5D-8C18-22D6B114D792} = {48C9946C-9233-4F80-BEE8-F247BAAC61BC}
		{108B9DDC-3CF7-4A45-95C3-E8A09733C12C} = {48C9946C-9233-4F80-BEE8-F247BAAC61BC}
		{F88AFCF2-4E54-40F2-AF03-1BD54447E5F4} = {48C9946C-9233-4F80-BEE8-F247BAAC61BC}
		{7DF5082C-E837-45B6-97E5-1E98B27A734C} = {48C9946C-9233-4F80-BEE8-F247BAAC61BC}
		{5BDE9C6C-E09B-4EEC-9785-74310F50CE2C} = {48C9946C-9233-4F80-BEE8-F247BAAC61BC}
		{69A788B2-2E65-433B-BAA4-4754F1B0B137} = {48C9946C-9233-4F80-BEE8-F247BAAC61BC}
	EndGlobalSection
	GlobalSection(ExtensibilityGlobals) = postSolution
		SolutionGuid = {C560E72A-25E8-41E0-A972-0FC1CE007D5F}
	EndGlobalSection
EndGlobal
